
Microsoft Visual Studio Solution File, Format Version 12.00
# Visual Studio Version 18
VisualStudioVersion = 18.4.11702.344
MinimumVisualStudioVersion = 10.0.40219.1
Project("{FAE04EC0-301F-11D3-BF4B-00C04F79EFBC}") = "Auth.Services.API", "Auth.Services.API\Auth.Services.API.csproj", "{AFC8813B-7C0C-42D3-8BF6-4B5930C8E1A3}"
EndProject
Project("{2150E333-8FDC-42A3-9474-1A3956D46DE8}") = "Welco.API", "Welco.API", "{3F5E612E-7DF7-6E94-C296-2A3AAA4023B5}"
EndProject
Project("{FAE04EC0-301F-11D3-BF4B-00C04F79EFBC}") = "Welco.Gateway.API", "Welco.API\Welco.Gateway.API.csproj", "{62269EE1-9C1E-4424-A7C7-4034C1FC86CF}"
EndProject
Project("{FAE04EC0-301F-11D3-BF4B-00C04F79EFBC}") = "Welco.Shared", "Welco.Shared\Welco.Shared.csproj", "{6C66ABC0-08A3-4EA9-A1A1-320C26954037}"
EndProject
Project("{FAE04EC0-301F-11D3-BF4B-00C04F79EFBC}") = "UserManamgent.Service.API", "UserManamgent.Service.API\UserManamgent.Service.API.csproj", "{9586B7BB-DA53-4FD4-ABCC-ADE3C149C7A6}"
EndProject
Project("{FAE04EC0-301F-11D3-BF4B-00C04F79EFBC}") = "Attachment.Services.API", "Attachment.Services.API\Attachment.Services.API.csproj", "{333FE9B7-1435-4EA9-A3B9-F5AB420D0E69}"
EndProject
Project("{FAE04EC0-301F-11D3-BF4B-00C04F79EFBC}") = "Certification.Services.API", "Certification.Services.API\Certification.Services.API.csproj", "{C383687C-AB38-4A91-A3D8-B3247FC454FF}"
EndProject
Project("{FAE04EC0-301F-11D3-BF4B-00C04F79EFBC}") = "Product.Services.API", "Product.Services.API\Product.Services.API.csproj", "{1D12447F-A942-4FB7-AF4A-2968C6DD571D}"
EndProject
Project("{FAE04EC0-301F-11D3-BF4B-00C04F79EFBC}") = "Commerce.Services.API", "Commerce.Services.API\Commerce.Services.API.csproj", "{8E97DA71-442B-4879-86F8-2A83EC0981E6}"
EndProject
Project("{FAE04EC0-301F-11D3-BF4B-00C04F79EFBC}") = "Sales.Services.API", "Sales.Services.API\Sales.Services.API.csproj", "{AE02E2AE-E39D-4C4A-B480-553D24088EA4}"
EndProject
Project("{FAE04EC0-301F-11D3-BF4B-00C04F79EFBC}") = "Content.Services.API", "Content.Services.API\Content.Services.API.csproj", "{FA0EC6A5-4C82-4789-8620-9463DBBAF6A2}"
EndProject
Global
	GlobalSection(SolutionConfigurationPlatforms) = preSolution
		Debug|Any CPU = Debug|Any CPU
		Debug|x64 = Debug|x64
		Debug|x86 = Debug|x86
		Release|Any CPU = Release|Any CPU
		Release|x64 = Release|x64
		Release|x86 = Release|x86
	EndGlobalSection
	GlobalSection(ProjectConfigurationPlatforms) = postSolution
		{AFC8813B-7C0C-42D3-8BF6-4B5930C8E1A3}.Debug|Any CPU.ActiveCfg = Debug|Any CPU
		{AFC8813B-7C0C-42D3-8BF6-4B5930C8E1A3}.Debug|Any CPU.Build.0 = Debug|Any CPU
		{AFC8813B-7C0C-42D3-8BF6-4B5930C8E1A3}.Debug|x64.ActiveCfg = Debug|Any CPU
		{AFC8813B-7C0C-42D3-8BF6-4B5930C8E1A3}.Debug|x64.Build.0 = Debug|Any CPU
		{AFC8813B-7C0C-42D3-8BF6-4B5930C8E1A3}.Debug|x86.ActiveCfg = Debug|Any CPU
		{AFC8813B-7C0C-42D3-8BF6-4B5930C8E1A3}.Debug|x86.Build.0 = Debug|Any CPU
		{AFC8813B-7C0C-42D3-8BF6-4B5930C8E1A3}.Release|Any CPU.ActiveCfg = Release|Any CPU
		{AFC8813B-7C0C-42D3-8BF6-4B5930C8E1A3}.Release|Any CPU.Build.0 = Release|Any CPU
		{AFC8813B-7C0C-42D3-8BF6-4B5930C8E1A3}.Release|x64.ActiveCfg = Release|Any CPU
		{AFC8813B-7C0C-42D3-8BF6-4B5930C8E1A3}.Release|x64.Build.0 = Release|Any CPU
		{AFC8813B-7C0C-42D3-8BF6-4B5930C8E1A3}.Release|x86.ActiveCfg = Release|Any CPU
		{AFC8813B-7C0C-42D3-8BF6-4B5930C8E1A3}.Release|x86.Build.0 = Release|Any CPU
		{62269EE1-9C1E-4424-A7C7-4034C1FC86CF}.Debug|Any CPU.ActiveCfg = Debug|Any CPU
		{62269EE1-9C1E-4424-A7C7-4034C1FC86CF}.Debug|Any CPU.Build.0 = Debug|Any CPU
		{62269EE1-9C1E-4424-A7C7-4034C1FC86CF}.Debug|x64.ActiveCfg = Debug|Any CPU
		{62269EE1-9C1E-4424-A7C7-4034C1FC86CF}.Debug|x64.Build.0 = Debug|Any CPU
		{62269EE1-9C1E-4424-A7C7-4034C1FC86CF}.Debug|x86.ActiveCfg = Debug|Any CPU
		{62269EE1-9C1E-4424-A7C7-4034C1FC86CF}.Debug|x86.Build.0 = Debug|Any CPU
		{62269EE1-9C1E-4424-A7C7-4034C1FC86CF}.Release|Any CPU.ActiveCfg = Release|Any CPU
		{62269EE1-9C1E-4424-A7C7-4034C1FC86CF}.Release|Any CPU.Build.0 = Release|Any CPU
		{62269EE1-9C1E-4424-A7C7-4034C1FC86CF}.Release|x64.ActiveCfg = Release|Any CPU
		{62269EE1-9C1E-4424-A7C7-4034C1FC86CF}.Release|x64.Build.0 = Release|Any CPU
		{62269EE1-9C1E-4424-A7C7-4034C1FC86CF}.Release|x86.ActiveCfg = Release|Any CPU
		{62269EE1-9C1E-4424-A7C7-4034C1FC86CF}.Release|x86.Build.0 = Release|Any CPU
		{6C66ABC0-08A3-4EA9-A1A1-320C26954037}.Debug|Any CPU.ActiveCfg = Debug|Any CPU
		{6C66ABC0-08A3-4EA9-A1A1-320C26954037}.Debug|Any CPU.Build.0 = Debug|Any CPU
		{6C66ABC0-08A3-4EA9-A1A1-320C26954037}.Debug|x64.ActiveCfg = Debug|Any CPU
		{6C66ABC0-08A3-4EA9-A1A1-320C26954037}.Debug|x64.Build.0 = Debug|Any CPU
		{6C66ABC0-08A3-4EA9-A1A1-320C26954037}.Debug|x86.ActiveCfg = Debug|Any CPU
		{6C66ABC0-08A3-4EA9-A1A1-320C26954037}.Debug|x86.Build.0 = Debug|Any CPU
		{6C66ABC0-08A3-4EA9-A1A1-320C26954037}.Release|Any CPU.ActiveCfg = Release|Any CPU
		{6C66ABC0-08A3-4EA9-A1A1-320C26954037}.Release|Any CPU.Build.0 = Release|Any CPU
		{6C66ABC0-08A3-4EA9-A1A1-320C26954037}.Release|x64.ActiveCfg = Release|Any CPU
		{6C66ABC0-08A3-4EA9-A1A1-320C26954037}.Release|x64.Build.0 = Release|Any CPU
		{6C66ABC0-08A3-4EA9-A1A1-320C26954037}.Release|x86.ActiveCfg = Release|Any CPU
		{6C66ABC0-08A3-4EA9-A1A1-320C26954037}.Release|x86.Build.0 = Release|Any CPU
		{9586B7BB-DA53-4FD4-ABCC-ADE3C149C7A6}.Debug|Any CPU.ActiveCfg = Debug|Any CPU
		{9586B7BB-DA53-4FD4-ABCC-ADE3C149C7A6}.Debug|Any CPU.Build.0 = Debug|Any CPU
		{9586B7BB-DA53-4FD4-ABCC-ADE3C149C7A6}.Debug|x64.ActiveCfg = Debug|Any CPU
		{9586B7BB-DA53-4FD4-ABCC-ADE3C149C7A6}.Debug|x64.Build.0 = Debug|Any CPU
		{9586B7BB-DA53-4FD4-ABCC-ADE3C149C7A6}.Debug|x86.ActiveCfg = Debug|Any CPU
		{9586B7BB-DA53-4FD4-ABCC-ADE3C149C7A6}.Debug|x86.Build.0 = Debug|Any CPU
		{9586B7BB-DA53-4FD4-ABCC-ADE3C149C7A6}.Release|Any CPU.ActiveCfg = Release|Any CPU
		{9586B7BB-DA53-4FD4-ABCC-ADE3C149C7A6}.Release|Any CPU.Build.0 = Release|Any CPU
		{9586B7BB-DA53-4FD4-ABCC-ADE3C149C7A6}.Release|x64.ActiveCfg = Release|Any CPU
		{9586B7BB-DA53-4FD4-ABCC-ADE3C149C7A6}.Release|x64.Build.0 = Release|Any CPU
		{9586B7BB-DA53-4FD4-ABCC-ADE3C149C7A6}.Release|x86.ActiveCfg = Release|Any CPU
		{9586B7BB-DA53-4FD4-ABCC-ADE3C149C7A6}.Release|x86.Build.0 = Release|Any CPU
		{333FE9B7-1435-4EA9-A3B9-F5AB420D0E69}.Debug|Any CPU.ActiveCfg = Debug|Any CPU
		{333FE9B7-1435-4EA9-A3B9-F5AB420D0E69}.Debug|Any CPU.Build.0 = Debug|Any CPU
		{333FE9B7-1435-4EA9-A3B9-F5AB420D0E69}.Debug|x64.ActiveCfg = Debug|Any CPU
		{333FE9B7-1435-4EA9-A3B9-F5AB420D0E69}.Debug|x64.Build.0 = Debug|Any CPU
		{333FE9B7-1435-4EA9-A3B9-F5AB420D0E69}.Debug|x86.ActiveCfg = Debug|Any CPU
		{333FE9B7-1435-4EA9-A3B9-F5AB420D0E69}.Debug|x86.Build.0 = Debug|Any CPU
		{333FE9B7-1435-4EA9-A3B9-F5AB420D0E69}.Release|Any CPU.ActiveCfg = Release|Any CPU
		{333FE9B7-1435-4EA9-A3B9-F5AB420D0E69}.Release|Any CPU.Build.0 = Release|Any CPU
		{333FE9B7-1435-4EA9-A3B9-F5AB420D0E69}.Release|x64.ActiveCfg = Release|Any CPU
		{333FE9B7-1435-4EA9-A3B9-F5AB420D0E69}.Release|x64.Build.0 = Release|Any CPU
		{333FE9B7-1435-4EA9-A3B9-F5AB420D0E69}.Release|x86.ActiveCfg = Release|Any CPU
		{333FE9B7-1435-4EA9-A3B9-F5AB420D0E69}.Release|x86.Build.0 = Release|Any CPU
		{C383687C-AB38-4A91-A3D8-B3247FC454FF}.Debug|Any CPU.ActiveCfg = Debug|Any CPU
		{C383687C-AB38-4A91-A3D8-B3247FC454FF}.Debug|Any CPU.Build.0 = Debug|Any CPU
		{C383687C-AB38-4A91-A3D8-B3247FC454FF}.Debug|x64.ActiveCfg = Debug|Any CPU
		{C383687C-AB38-4A91-A3D8-B3247FC454FF}.Debug|x64.Build.0 = Debug|Any CPU
		{C383687C-AB38-4A91-A3D8-B3247FC454FF}.Debug|x86.ActiveCfg = Debug|Any CPU
		{C383687C-AB38-4A91-A3D8-B3247FC454FF}.Debug|x86.Build.0 = Debug|Any CPU
		{C383687C-AB38-4A91-A3D8-B3247FC454FF}.Release|Any CPU.ActiveCfg = Release|Any CPU
		{C383687C-AB38-4A91-A3D8-B3247FC454FF}.Release|Any CPU.Build.0 = Release|Any CPU
		{C383687C-AB38-4A91-A3D8-B3247FC454FF}.Release|x64.ActiveCfg = Release|Any CPU
		{C383687C-AB38-4A91-A3D8-B3247FC454FF}.Release|x64.Build.0 = Release|Any CPU
		{C383687C-AB38-4A91-A3D8-B3247FC454FF}.Release|x86.ActiveCfg = Release|Any CPU
		{C383687C-AB38-4A91-A3D8-B3247FC454FF}.Release|x86.Build.0 = Release|Any CPU
		{1D12447F-A942-4FB7-AF4A-2968C6DD571D}.Debug|Any CPU.ActiveCfg = Debug|Any CPU
		{1D12447F-A942-4FB7-AF4A-2968C6DD571D}.Debug|Any CPU.Build.0 = Debug|Any CPU
		{1D12447F-A942-4FB7-AF4A-2968C6DD571D}.Debug|x64.ActiveCfg = Debug|Any CPU
		{1D12447F-A942-4FB7-AF4A-2968C6DD571D}.Debug|x64.Build.0 = Debug|Any CPU
		{1D12447F-A942-4FB7-AF4A-2968C6DD571D}.Debug|x86.ActiveCfg = Debug|Any CPU
		{1D12447F-A942-4FB7-AF4A-2968C6DD571D}.Debug|x86.Build.0 = Debug|Any CPU
		{1D12447F-A942-4FB7-AF4A-2968C6DD571D}.Release|Any CPU.ActiveCfg = Release|Any CPU
		{1D12447F-A942-4FB7-AF4A-2968C6DD571D}.Release|Any CPU.Build.0 = Release|Any CPU
		{1D12447F-A942-4FB7-AF4A-2968C6DD571D}.Release|x64.ActiveCfg = Release|Any CPU
		{1D12447F-A942-4FB7-AF4A-2968C6DD571D}.Release|x64.Build.0 = Release|Any CPU
		{1D12447F-A942-4FB7-AF4A-2968C6DD571D}.Release|x86.ActiveCfg = Release|Any CPU
		{1D12447F-A942-4FB7-AF4A-2968C6DD571D}.Release|x86.Build.0 = Release|Any CPU
		{8E97DA71-442B-4879-86F8-2A83EC0981E6}.Debug|Any CPU.ActiveCfg = Debug|Any CPU
		{8E97DA71-442B-4879-86F8-2A83EC0981E6}.Debug|Any CPU.Build.0 = Debug|Any CPU
		{8E97DA71-442B-4879-86F8-2A83EC0981E6}.Debug|x64.ActiveCfg = Debug|Any CPU
		{8E97DA71-442B-4879-86F8-2A83EC0981E6}.Debug|x64.Build.0 = Debug|Any CPU
		{8E97DA71-442B-4879-86F8-2A83EC0981E6}.Debug|x86.ActiveCfg = Debug|Any CPU
		{8E97DA71-442B-4879-86F8-2A83EC0981E6}.Debug|x86.Build.0 = Debug|Any CPU
		{8E97DA71-442B-4879-86F8-2A83EC0981E6}.Release|Any CPU.ActiveCfg = Release|Any CPU
		{8E97DA71-442B-4879-86F8-2A83EC0981E6}.Release|Any CPU.Build.0 = Release|Any CPU
		{8E97DA71-442B-4879-86F8-2A83EC0981E6}.Release|x64.ActiveCfg = Release|Any CPU
		{8E97DA71-442B-4879-86F8-2A83EC0981E6}.Release|x64.Build.0 = Release|Any CPU
		{8E97DA71-442B-4879-86F8-2A83EC0981E6}.Release|x86.ActiveCfg = Release|Any CPU
		{8E97DA71-442B-4879-86F8-2A83EC0981E6}.Release|x86.Build.0 = Release|Any CPU
		{AE02E2AE-E39D-4C4A-B480-553D24088EA4}.Debug|Any CPU.ActiveCfg = Debug|Any CPU
		{AE02E2AE-E39D-4C4A-B480-553D24088EA4}.Debug|Any CPU.Build.0 = Debug|Any CPU
		{AE02E2AE-E39D-4C4A-B480-553D24088EA4}.Debug|x64.ActiveCfg = Debug|Any CPU
		{AE02E2AE-E39D-4C4A-B480-553D24088EA4}.Debug|x64.Build.0 = Debug|Any CPU
		{AE02E2AE-E39D-4C4A-B480-553D24088EA4}.Debug|x86.ActiveCfg = Debug|Any CPU
		{AE02E2AE-E39D-4C4A-B480-553D24088EA4}.Debug|x86.Build.0 = Debug|Any CPU
		{AE02E2AE-E39D-4C4A-B480-553D24088EA4}.Release|Any CPU.ActiveCfg = Release|Any CPU
		{AE02E2AE-E39D-4C4A-B480-553D24088EA4}.Release|Any CPU.Build.0 = Release|Any CPU
		{AE02E2AE-E39D-4C4A-B480-553D24088EA4}.Release|x64.ActiveCfg = Release|Any CPU
		{AE02E2AE-E39D-4C4A-B480-553D24088EA4}.Release|x64.Build.0 = Release|Any CPU
		{AE02E2AE-E39D-4C4A-B480-553D24088EA4}.Release|x86.ActiveCfg = Release|Any CPU
		{AE02E2AE-E39D-4C4A-B480-553D24088EA4}.Release|x86.Build.0 = Release|Any CPU
		{FA0EC6A5-4C82-4789-8620-9463DBBAF6A2}.Debug|Any CPU.ActiveCfg = Debug|Any CPU
		{FA0EC6A5-4C82-4789-8620-9463DBBAF6A2}.Debug|Any CPU.Build.0 = Debug|Any CPU
		{FA0EC6A5-4C82-4789-8620-9463DBBAF6A2}.Debug|x64.ActiveCfg = Debug|Any CPU
		{FA0EC6A5-4C82-4789-8620-9463DBBAF6A2}.Debug|x64.Build.0 = Debug|Any CPU
		{FA0EC6A5-4C82-4789-8620-9463DBBAF6A2}.Debug|x86.ActiveCfg = Debug|Any CPU
		{FA0EC6A5-4C82-4789-8620-9463DBBAF6A2}.Debug|x86.Build.0 = Debug|Any CPU
		{FA0EC6A5-4C82-4789-8620-9463DBBAF6A2}.Release|Any CPU.ActiveCfg = Release|Any CPU
		{FA0EC6A5-4C82-4789-8620-9463DBBAF6A2}.Release|Any CPU.Build.0 = Release|Any CPU
		{FA0EC6A5-4C82-4789-8620-9463DBBAF6A2}.Release|x64.ActiveCfg = Release|Any CPU
		{FA0EC6A5-4C82-4789-8620-9463DBBAF6A2}.Release|x64.Build.0 = Release|Any CPU
		{FA0EC6A5-4C82-4789-8620-9463DBBAF6A2}.Release|x86.ActiveCfg = Release|Any CPU
		{FA0EC6A5-4C82-4789-8620-9463DBBAF6A2}.Release|x86.Build.0 = Release|Any CPU
	EndGlobalSection
	GlobalSection(SolutionProperties) = preSolution
		HideSolutionNode = FALSE
	EndGlobalSection
	GlobalSection(NestedProjects) = preSolution
		{62269EE1-9C1E-4424-A7C7-4034C1FC86CF} = {3F5E612E-7DF7-6E94-C296-2A3AAA4023B5}
	EndGlobalSection
	GlobalSection(ExtensibilityGlobals) = postSolution
		SolutionGuid = {B83214F1-E1BA-4563-9D2F-F4F57A70ADD3}
	EndGlobalSection
EndGlobal
